
Microsoft Visual Studio Solution File, Format Version 12.00
# Visual Studio Version 17
VisualStudioVersion = 17.9.34714.143
MinimumVisualStudioVersion = 10.0.40219.1
Project("{FAE04EC0-301F-11D3-BF4B-00C04F79EFBC}") = "RabbitMQ.Producer", "RabbitMQ.Producer\RabbitMQ.Producer.csproj", "{940B17CC-9D27-451B-B74A-03E7E8357299}"
EndProject
Global
	GlobalSection(SolutionConfigurationPlatforms) = preSolution
		Debug|Any CPU = Debug|Any CPU
		Release|Any CPU = Release|Any CPU
	EndGlobalSection
	GlobalSection(ProjectConfigurationPlatforms) = postSolution
		{940B17CC-9D27-451B-B74A-03E7E8357299}.Debug|Any CPU.ActiveCfg = Debug|Any CPU
		{940B17CC-9D27-451B-B74A-03E7E8357299}.Debug|Any CPU.Build.0 = Debug|Any CPU
		{940B17CC-9D27-451B-B74A-03E7E8357299}.Release|Any CPU.ActiveCfg = Release|Any CPU
		{940B17CC-9D27-451B-B74A-03E7E8357299}.Release|Any CPU.Build.0 = Release|Any CPU
	EndGlobalSection
	GlobalSection(SolutionProperties) = preSolution
		HideSolutionNode = FALSE
	EndGlobalSection
	GlobalSection(ExtensibilityGlobals) = postSolution
		SolutionGuid = {3BEE8C47-202B-4E79-9480-0D2BC3E2AD1E}
	EndGlobalSection
EndGlobal
